
Microsoft Visual Studio Solution File, Format Version 12.00
# Visual Studio Version 16
VisualStudioVersion = 16.0.31025.194
MinimumVisualStudioVersion = 10.0.40219.1
Project("{FAE04EC0-301F-11D3-BF4B-00C04F79EFBC}") = "CodeAnalysis", "CodeAnalysis\CodeAnalysis.csproj", "{640EAC28-9574-49E0-8BEB-7723D5B47407}"
EndProject
Global
	GlobalSection(SolutionConfigurationPlatforms) = preSolution
		Debug|Any CPU = Debug|Any CPU
		Release|Any CPU = Release|Any CPU
	EndGlobalSection
	GlobalSection(ProjectConfigurationPlatforms) = postSolution
		{640EAC28-9574-49E0-8BEB-7723D5B47407}.Debug|Any CPU.ActiveCfg = Debug|Any CPU
		{640EAC28-9574-49E0-8BEB-7723D5B47407}.Debug|Any CPU.Build.0 = Debug|Any CPU
		{640EAC28-9574-49E0-8BEB-7723D5B47407}.Release|Any CPU.ActiveCfg = Release|Any CPU
		{640EAC28-9574-49E0-8BEB-7723D5B47407}.Release|Any CPU.Build.0 = Release|Any CPU
	EndGlobalSection
	GlobalSection(SolutionProperties) = preSolution
		HideSolutionNode = FALSE
	EndGlobalSection
	GlobalSection(ExtensibilityGlobals) = postSolution
		SolutionGuid = {A2F09A76-2576-4222-95FB-F0E14621FC6F}
	EndGlobalSection
EndGlobal
