
Microsoft Visual Studio Solution File, Format Version 12.00
# Visual Studio Version 16
VisualStudioVersion = 16.0.31025.194
MinimumVisualStudioVersion = 10.0.40219.1
Project("{FAE04EC0-301F-11D3-BF4B-00C04F79EFBC}") = "WebApi_3_31", "WebApi_3_31\WebApi_3_31.csproj", "{467B78CB-77C4-4BD8-8107-4F658F16B0FD}"
EndProject
Global
	GlobalSection(SolutionConfigurationPlatforms) = preSolution
		Debug|Any CPU = Debug|Any CPU
		Release|Any CPU = Release|Any CPU
	EndGlobalSection
	GlobalSection(ProjectConfigurationPlatforms) = postSolution
		{467B78CB-77C4-4BD8-8107-4F658F16B0FD}.Debug|Any CPU.ActiveCfg = Debug|Any CPU
		{467B78CB-77C4-4BD8-8107-4F658F16B0FD}.Debug|Any CPU.Build.0 = Debug|Any CPU
		{467B78CB-77C4-4BD8-8107-4F658F16B0FD}.Release|Any CPU.ActiveCfg = Release|Any CPU
		{467B78CB-77C4-4BD8-8107-4F658F16B0FD}.Release|Any CPU.Build.0 = Release|Any CPU
	EndGlobalSection
	GlobalSection(SolutionProperties) = preSolution
		HideSolutionNode = FALSE
	EndGlobalSection
	GlobalSection(ExtensibilityGlobals) = postSolution
		SolutionGuid = {819134D3-0ECB-4D8E-B033-E09FD6B84E5C}
	EndGlobalSection
EndGlobal
