
Microsoft Visual Studio Solution File, Format Version 12.00
# Visual Studio Version 16
VisualStudioVersion = 16.0.31019.35
MinimumVisualStudioVersion = 10.0.40219.1
Project("{FAE04EC0-301F-11D3-BF4B-00C04F79EFBC}") = "CalcLibrary2", "CalcLibrary2\CalcLibrary2.csproj", "{7E23B369-1EF8-4486-8B04-6A89B2D452B5}"
EndProject
Project("{FAE04EC0-301F-11D3-BF4B-00C04F79EFBC}") = "CalculatorTester", "CalculatorTester\CalculatorTester.csproj", "{C29E4CDC-11A8-41EF-B925-C103BB036F9C}"
EndProject
Global
	GlobalSection(SolutionConfigurationPlatforms) = preSolution
		Debug|Any CPU = Debug|Any CPU
		Release|Any CPU = Release|Any CPU
	EndGlobalSection
	GlobalSection(ProjectConfigurationPlatforms) = postSolution
		{7E23B369-1EF8-4486-8B04-6A89B2D452B5}.Debug|Any CPU.ActiveCfg = Debug|Any CPU
		{7E23B369-1EF8-4486-8B04-6A89B2D452B5}.Debug|Any CPU.Build.0 = Debug|Any CPU
		{7E23B369-1EF8-4486-8B04-6A89B2D452B5}.Release|Any CPU.ActiveCfg = Release|Any CPU
		{7E23B369-1EF8-4486-8B04-6A89B2D452B5}.Release|Any CPU.Build.0 = Release|Any CPU
		{C29E4CDC-11A8-41EF-B925-C103BB036F9C}.Debug|Any CPU.ActiveCfg = Debug|Any CPU
		{C29E4CDC-11A8-41EF-B925-C103BB036F9C}.Debug|Any CPU.Build.0 = Debug|Any CPU
		{C29E4CDC-11A8-41EF-B925-C103BB036F9C}.Release|Any CPU.ActiveCfg = Release|Any CPU
		{C29E4CDC-11A8-41EF-B925-C103BB036F9C}.Release|Any CPU.Build.0 = Release|Any CPU
	EndGlobalSection
	GlobalSection(SolutionProperties) = preSolution
		HideSolutionNode = FALSE
	EndGlobalSection
	GlobalSection(ExtensibilityGlobals) = postSolution
		SolutionGuid = {CC35DDD6-15E7-4A59-97BF-C24C3E78C0BC}
	EndGlobalSection
EndGlobal
