
Microsoft Visual Studio Solution File, Format Version 12.00
# Visual Studio Version 16
VisualStudioVersion = 16.0.31025.194
MinimumVisualStudioVersion = 10.0.40219.1
Project("{FAE04EC0-301F-11D3-BF4B-00C04F79EFBC}") = "webApi_2_30", "webApi_2_30\webApi_2_30.csproj", "{0537C083-F9DA-426A-BDD9-06D5018F6C61}"
EndProject
Global
	GlobalSection(SolutionConfigurationPlatforms) = preSolution
		Debug|Any CPU = Debug|Any CPU
		Release|Any CPU = Release|Any CPU
	EndGlobalSection
	GlobalSection(ProjectConfigurationPlatforms) = postSolution
		{0537C083-F9DA-426A-BDD9-06D5018F6C61}.Debug|Any CPU.ActiveCfg = Debug|Any CPU
		{0537C083-F9DA-426A-BDD9-06D5018F6C61}.Debug|Any CPU.Build.0 = Debug|Any CPU
		{0537C083-F9DA-426A-BDD9-06D5018F6C61}.Release|Any CPU.ActiveCfg = Release|Any CPU
		{0537C083-F9DA-426A-BDD9-06D5018F6C61}.Release|Any CPU.Build.0 = Release|Any CPU
	EndGlobalSection
	GlobalSection(SolutionProperties) = preSolution
		HideSolutionNode = FALSE
	EndGlobalSection
	GlobalSection(ExtensibilityGlobals) = postSolution
		SolutionGuid = {55EBEEC5-8B0B-4AFC-A088-754FF210ED71}
	EndGlobalSection
EndGlobal
