
Microsoft Visual Studio Solution File, Format Version 12.00
# Visual Studio Version 16
VisualStudioVersion = 16.0.31025.194
MinimumVisualStudioVersion = 10.0.40219.1
Project("{FAE04EC0-301F-11D3-BF4B-00C04F79EFBC}") = "AccountDetails", "AccountDetails\AccountDetails.csproj", "{982F73F1-92D9-4581-AC5E-ABBA62F39607}"
EndProject
Global
	GlobalSection(SolutionConfigurationPlatforms) = preSolution
		Debug|Any CPU = Debug|Any CPU
		Release|Any CPU = Release|Any CPU
	EndGlobalSection
	GlobalSection(ProjectConfigurationPlatforms) = postSolution
		{982F73F1-92D9-4581-AC5E-ABBA62F39607}.Debug|Any CPU.ActiveCfg = Debug|Any CPU
		{982F73F1-92D9-4581-AC5E-ABBA62F39607}.Debug|Any CPU.Build.0 = Debug|Any CPU
		{982F73F1-92D9-4581-AC5E-ABBA62F39607}.Release|Any CPU.ActiveCfg = Release|Any CPU
		{982F73F1-92D9-4581-AC5E-ABBA62F39607}.Release|Any CPU.Build.0 = Release|Any CPU
	EndGlobalSection
	GlobalSection(SolutionProperties) = preSolution
		HideSolutionNode = FALSE
	EndGlobalSection
	GlobalSection(ExtensibilityGlobals) = postSolution
		SolutionGuid = {4A7E7FF6-331F-4554-8E16-F051BA28E637}
	EndGlobalSection
EndGlobal
