
Microsoft Visual Studio Solution File, Format Version 12.00
# Visual Studio Version 16
VisualStudioVersion = 16.0.31025.194
MinimumVisualStudioVersion = 10.0.40219.1
Project("{FAE04EC0-301F-11D3-BF4B-00C04F79EFBC}") = "Bootstrap1", "Bootstrap1\Bootstrap1.csproj", "{EECE03D4-CBA5-4EB6-B438-F9CD42D8F67D}"
EndProject
Global
	GlobalSection(SolutionConfigurationPlatforms) = preSolution
		Debug|Any CPU = Debug|Any CPU
		Release|Any CPU = Release|Any CPU
	EndGlobalSection
	GlobalSection(ProjectConfigurationPlatforms) = postSolution
		{EECE03D4-CBA5-4EB6-B438-F9CD42D8F67D}.Debug|Any CPU.ActiveCfg = Debug|Any CPU
		{EECE03D4-CBA5-4EB6-B438-F9CD42D8F67D}.Debug|Any CPU.Build.0 = Debug|Any CPU
		{EECE03D4-CBA5-4EB6-B438-F9CD42D8F67D}.Release|Any CPU.ActiveCfg = Release|Any CPU
		{EECE03D4-CBA5-4EB6-B438-F9CD42D8F67D}.Release|Any CPU.Build.0 = Release|Any CPU
	EndGlobalSection
	GlobalSection(SolutionProperties) = preSolution
		HideSolutionNode = FALSE
	EndGlobalSection
	GlobalSection(ExtensibilityGlobals) = postSolution
		SolutionGuid = {880CB4D7-8922-47A4-A1A6-FC7D080DE013}
	EndGlobalSection
EndGlobal
