
Microsoft Visual Studio Solution File, Format Version 12.00
# Visual Studio Version 16
VisualStudioVersion = 16.0.31019.35
MinimumVisualStudioVersion = 10.0.40219.1
Project("{FAE04EC0-301F-11D3-BF4B-00C04F79EFBC}") = "CalculatorWinForm", "CalculatorWinForm\CalculatorWinForm.csproj", "{ADC85051-302D-4917-B065-B67939193A11}"
EndProject
Global
	GlobalSection(SolutionConfigurationPlatforms) = preSolution
		Debug|Any CPU = Debug|Any CPU
		Release|Any CPU = Release|Any CPU
	EndGlobalSection
	GlobalSection(ProjectConfigurationPlatforms) = postSolution
		{ADC85051-302D-4917-B065-B67939193A11}.Debug|Any CPU.ActiveCfg = Debug|Any CPU
		{ADC85051-302D-4917-B065-B67939193A11}.Debug|Any CPU.Build.0 = Debug|Any CPU
		{ADC85051-302D-4917-B065-B67939193A11}.Release|Any CPU.ActiveCfg = Release|Any CPU
		{ADC85051-302D-4917-B065-B67939193A11}.Release|Any CPU.Build.0 = Release|Any CPU
	EndGlobalSection
	GlobalSection(SolutionProperties) = preSolution
		HideSolutionNode = FALSE
	EndGlobalSection
	GlobalSection(ExtensibilityGlobals) = postSolution
		SolutionGuid = {2791430B-26A9-4381-A745-B23B0CF90652}
	EndGlobalSection
EndGlobal
