
Microsoft Visual Studio Solution File, Format Version 12.00
# Visual Studio Version 16
VisualStudioVersion = 16.0.31025.194
MinimumVisualStudioVersion = 10.0.40219.1
Project("{FAE04EC0-301F-11D3-BF4B-00C04F79EFBC}") = "WebAPI_2_28", "WebAPI_2_28\WebAPI_2_28.csproj", "{04693318-CA20-470C-9803-85B215E5CCD6}"
EndProject
Global
	GlobalSection(SolutionConfigurationPlatforms) = preSolution
		Debug|Any CPU = Debug|Any CPU
		Release|Any CPU = Release|Any CPU
	EndGlobalSection
	GlobalSection(ProjectConfigurationPlatforms) = postSolution
		{04693318-CA20-470C-9803-85B215E5CCD6}.Debug|Any CPU.ActiveCfg = Debug|Any CPU
		{04693318-CA20-470C-9803-85B215E5CCD6}.Debug|Any CPU.Build.0 = Debug|Any CPU
		{04693318-CA20-470C-9803-85B215E5CCD6}.Release|Any CPU.ActiveCfg = Release|Any CPU
		{04693318-CA20-470C-9803-85B215E5CCD6}.Release|Any CPU.Build.0 = Release|Any CPU
	EndGlobalSection
	GlobalSection(SolutionProperties) = preSolution
		HideSolutionNode = FALSE
	EndGlobalSection
	GlobalSection(ExtensibilityGlobals) = postSolution
		SolutionGuid = {F060CA30-7B7C-4F9C-8F3D-D7FAB7144D62}
	EndGlobalSection
EndGlobal
