
Microsoft Visual Studio Solution File, Format Version 12.00
# Visual Studio 15
VisualStudioVersion = 15.0.28307.1401
MinimumVisualStudioVersion = 10.0.40219.1
Project("{FAE04EC0-301F-11D3-BF4B-00C04F79EFBC}") = "NamedParameter", "NamedParameter\NamedParameter.csproj", "{4FAB3A0B-125C-4F7D-9FF6-E3C838B20709}"
EndProject
Global
	GlobalSection(SolutionConfigurationPlatforms) = preSolution
		Debug|Any CPU = Debug|Any CPU
		Release|Any CPU = Release|Any CPU
	EndGlobalSection
	GlobalSection(ProjectConfigurationPlatforms) = postSolution
		{4FAB3A0B-125C-4F7D-9FF6-E3C838B20709}.Debug|Any CPU.ActiveCfg = Debug|Any CPU
		{4FAB3A0B-125C-4F7D-9FF6-E3C838B20709}.Debug|Any CPU.Build.0 = Debug|Any CPU
		{4FAB3A0B-125C-4F7D-9FF6-E3C838B20709}.Release|Any CPU.ActiveCfg = Release|Any CPU
		{4FAB3A0B-125C-4F7D-9FF6-E3C838B20709}.Release|Any CPU.Build.0 = Release|Any CPU
	EndGlobalSection
	GlobalSection(SolutionProperties) = preSolution
		HideSolutionNode = FALSE
	EndGlobalSection
	GlobalSection(ExtensibilityGlobals) = postSolution
		SolutionGuid = {3D0500D2-3658-4529-A2F1-ABD9057881B4}
	EndGlobalSection
EndGlobal
