
Microsoft Visual Studio Solution File, Format Version 12.00
# Visual Studio Version 16
VisualStudioVersion = 16.0.31025.194
MinimumVisualStudioVersion = 10.0.40219.1
Project("{FAE04EC0-301F-11D3-BF4B-00C04F79EFBC}") = "SingletonPgm", "SingletonPgm\SingletonPgm.csproj", "{8A8C1A8D-F896-4880-83C2-F90EDA1CF87F}"
EndProject
Global
	GlobalSection(SolutionConfigurationPlatforms) = preSolution
		Debug|Any CPU = Debug|Any CPU
		Release|Any CPU = Release|Any CPU
	EndGlobalSection
	GlobalSection(ProjectConfigurationPlatforms) = postSolution
		{8A8C1A8D-F896-4880-83C2-F90EDA1CF87F}.Debug|Any CPU.ActiveCfg = Debug|Any CPU
		{8A8C1A8D-F896-4880-83C2-F90EDA1CF87F}.Debug|Any CPU.Build.0 = Debug|Any CPU
		{8A8C1A8D-F896-4880-83C2-F90EDA1CF87F}.Release|Any CPU.ActiveCfg = Release|Any CPU
		{8A8C1A8D-F896-4880-83C2-F90EDA1CF87F}.Release|Any CPU.Build.0 = Release|Any CPU
	EndGlobalSection
	GlobalSection(SolutionProperties) = preSolution
		HideSolutionNode = FALSE
	EndGlobalSection
	GlobalSection(ExtensibilityGlobals) = postSolution
		SolutionGuid = {A80E7A5E-183A-4B69-83E3-E06CFD365DB8}
	EndGlobalSection
EndGlobal
