
Microsoft Visual Studio Solution File, Format Version 12.00
# Visual Studio Version 16
VisualStudioVersion = 16.0.31025.194
MinimumVisualStudioVersion = 10.0.40219.1
Project("{FAE04EC0-301F-11D3-BF4B-00C04F79EFBC}") = "bootstrap_01_04", "bootstrap_01_04\bootstrap_01_04.csproj", "{EDA4780D-858F-4171-AEE4-734DC332C9A8}"
EndProject
Global
	GlobalSection(SolutionConfigurationPlatforms) = preSolution
		Debug|Any CPU = Debug|Any CPU
		Release|Any CPU = Release|Any CPU
	EndGlobalSection
	GlobalSection(ProjectConfigurationPlatforms) = postSolution
		{EDA4780D-858F-4171-AEE4-734DC332C9A8}.Debug|Any CPU.ActiveCfg = Debug|Any CPU
		{EDA4780D-858F-4171-AEE4-734DC332C9A8}.Debug|Any CPU.Build.0 = Debug|Any CPU
		{EDA4780D-858F-4171-AEE4-734DC332C9A8}.Release|Any CPU.ActiveCfg = Release|Any CPU
		{EDA4780D-858F-4171-AEE4-734DC332C9A8}.Release|Any CPU.Build.0 = Release|Any CPU
	EndGlobalSection
	GlobalSection(SolutionProperties) = preSolution
		HideSolutionNode = FALSE
	EndGlobalSection
	GlobalSection(ExtensibilityGlobals) = postSolution
		SolutionGuid = {8C6B0288-8830-4501-A7AF-0981AC7DD581}
	EndGlobalSection
EndGlobal
