
Microsoft Visual Studio Solution File, Format Version 12.00
# Visual Studio Version 16
VisualStudioVersion = 16.0.31025.194
MinimumVisualStudioVersion = 10.0.40219.1
Project("{FAE04EC0-301F-11D3-BF4B-00C04F79EFBC}") = "ChainOfRespPgm", "ChainOfRespPgm\ChainOfRespPgm.csproj", "{6CED2E29-837E-4394-9631-A0608204C011}"
EndProject
Global
	GlobalSection(SolutionConfigurationPlatforms) = preSolution
		Debug|Any CPU = Debug|Any CPU
		Release|Any CPU = Release|Any CPU
	EndGlobalSection
	GlobalSection(ProjectConfigurationPlatforms) = postSolution
		{6CED2E29-837E-4394-9631-A0608204C011}.Debug|Any CPU.ActiveCfg = Debug|Any CPU
		{6CED2E29-837E-4394-9631-A0608204C011}.Debug|Any CPU.Build.0 = Debug|Any CPU
		{6CED2E29-837E-4394-9631-A0608204C011}.Release|Any CPU.ActiveCfg = Release|Any CPU
		{6CED2E29-837E-4394-9631-A0608204C011}.Release|Any CPU.Build.0 = Release|Any CPU
	EndGlobalSection
	GlobalSection(SolutionProperties) = preSolution
		HideSolutionNode = FALSE
	EndGlobalSection
	GlobalSection(ExtensibilityGlobals) = postSolution
		SolutionGuid = {90191F47-DE63-4658-91A4-8B94FAA3F846}
	EndGlobalSection
EndGlobal
