
Microsoft Visual Studio Solution File, Format Version 12.00
# Visual Studio Version 16
VisualStudioVersion = 16.0.31019.35
MinimumVisualStudioVersion = 10.0.40219.1
Project("{FAE04EC0-301F-11D3-BF4B-00C04F79EFBC}") = "EmployeeDetails", "EmployeeDetails\EmployeeDetails.csproj", "{FF4ACC22-8685-4825-9E07-0461BAD02170}"
EndProject
Global
	GlobalSection(SolutionConfigurationPlatforms) = preSolution
		Debug|Any CPU = Debug|Any CPU
		Release|Any CPU = Release|Any CPU
	EndGlobalSection
	GlobalSection(ProjectConfigurationPlatforms) = postSolution
		{FF4ACC22-8685-4825-9E07-0461BAD02170}.Debug|Any CPU.ActiveCfg = Debug|Any CPU
		{FF4ACC22-8685-4825-9E07-0461BAD02170}.Debug|Any CPU.Build.0 = Debug|Any CPU
		{FF4ACC22-8685-4825-9E07-0461BAD02170}.Release|Any CPU.ActiveCfg = Release|Any CPU
		{FF4ACC22-8685-4825-9E07-0461BAD02170}.Release|Any CPU.Build.0 = Release|Any CPU
	EndGlobalSection
	GlobalSection(SolutionProperties) = preSolution
		HideSolutionNode = FALSE
	EndGlobalSection
	GlobalSection(ExtensibilityGlobals) = postSolution
		SolutionGuid = {F74133DA-D723-4E64-97EB-D278BCAA859E}
	EndGlobalSection
EndGlobal
