
Microsoft Visual Studio Solution File, Format Version 12.00
# Visual Studio 15
VisualStudioVersion = 15.0.28307.1401
MinimumVisualStudioVersion = 10.0.40219.1
Project("{FAE04EC0-301F-11D3-BF4B-00C04F79EFBC}") = "Tests", "Tests\Tests.csproj", "{16D95BCE-12AC-4537-BFB0-EB5EFCB2DD51}"
EndProject
Project("{FAE04EC0-301F-11D3-BF4B-00C04F79EFBC}") = "MagicFilesLib", "MagicFilesLib\MagicFilesLib.csproj", "{19CE12A4-797D-43D8-83C0-F254323F1378}"
EndProject
Global
	GlobalSection(SolutionConfigurationPlatforms) = preSolution
		Debug|Any CPU = Debug|Any CPU
		Release|Any CPU = Release|Any CPU
	EndGlobalSection
	GlobalSection(ProjectConfigurationPlatforms) = postSolution
		{16D95BCE-12AC-4537-BFB0-EB5EFCB2DD51}.Debug|Any CPU.ActiveCfg = Debug|Any CPU
		{16D95BCE-12AC-4537-BFB0-EB5EFCB2DD51}.Debug|Any CPU.Build.0 = Debug|Any CPU
		{16D95BCE-12AC-4537-BFB0-EB5EFCB2DD51}.Release|Any CPU.ActiveCfg = Release|Any CPU
		{16D95BCE-12AC-4537-BFB0-EB5EFCB2DD51}.Release|Any CPU.Build.0 = Release|Any CPU
		{19CE12A4-797D-43D8-83C0-F254323F1378}.Debug|Any CPU.ActiveCfg = Debug|Any CPU
		{19CE12A4-797D-43D8-83C0-F254323F1378}.Debug|Any CPU.Build.0 = Debug|Any CPU
		{19CE12A4-797D-43D8-83C0-F254323F1378}.Release|Any CPU.ActiveCfg = Release|Any CPU
		{19CE12A4-797D-43D8-83C0-F254323F1378}.Release|Any CPU.Build.0 = Release|Any CPU
	EndGlobalSection
	GlobalSection(SolutionProperties) = preSolution
		HideSolutionNode = FALSE
	EndGlobalSection
	GlobalSection(ExtensibilityGlobals) = postSolution
		SolutionGuid = {C8AF7437-C6DE-4992-A019-A8E336A86DDC}
	EndGlobalSection
EndGlobal
