
Microsoft Visual Studio Solution File, Format Version 12.00
# Visual Studio Version 16
VisualStudioVersion = 16.0.31025.194
MinimumVisualStudioVersion = 10.0.40219.1
Project("{FAE04EC0-301F-11D3-BF4B-00C04F79EFBC}") = "AbstractFactoryCaseStudy", "AbstractFactoryCaseStudy\AbstractFactoryCaseStudy.csproj", "{6F6DE3D5-8483-4336-B22A-5271FDBCDBB1}"
EndProject
Global
	GlobalSection(SolutionConfigurationPlatforms) = preSolution
		Debug|Any CPU = Debug|Any CPU
		Release|Any CPU = Release|Any CPU
	EndGlobalSection
	GlobalSection(ProjectConfigurationPlatforms) = postSolution
		{6F6DE3D5-8483-4336-B22A-5271FDBCDBB1}.Debug|Any CPU.ActiveCfg = Debug|Any CPU
		{6F6DE3D5-8483-4336-B22A-5271FDBCDBB1}.Debug|Any CPU.Build.0 = Debug|Any CPU
		{6F6DE3D5-8483-4336-B22A-5271FDBCDBB1}.Release|Any CPU.ActiveCfg = Release|Any CPU
		{6F6DE3D5-8483-4336-B22A-5271FDBCDBB1}.Release|Any CPU.Build.0 = Release|Any CPU
	EndGlobalSection
	GlobalSection(SolutionProperties) = preSolution
		HideSolutionNode = FALSE
	EndGlobalSection
	GlobalSection(ExtensibilityGlobals) = postSolution
		SolutionGuid = {B665FA5D-A5B0-41B3-AB3D-01BDA7F78669}
	EndGlobalSection
EndGlobal
